
Microsoft Visual Studio Solution File, Format Version 12.00
# Visual Studio Version 17
VisualStudioVersion = 17.9.34728.123
MinimumVisualStudioVersion = 10.0.40219.1
Project("{FAE04EC0-301F-11D3-BF4B-00C04F79EFBC}") = "HigherLowerApi", "HigherLowerApi.csproj", "{11C54C1C-947B-48F0-AD49-B409A47C1313}"
EndProject
Global
	GlobalSection(SolutionConfigurationPlatforms) = preSolution
		Debug|Any CPU = Debug|Any CPU
		Release|Any CPU = Release|Any CPU
	EndGlobalSection
	GlobalSection(ProjectConfigurationPlatforms) = postSolution
		{11C54C1C-947B-48F0-AD49-B409A47C1313}.Debug|Any CPU.ActiveCfg = Debug|Any CPU
		{11C54C1C-947B-48F0-AD49-B409A47C1313}.Debug|Any CPU.Build.0 = Debug|Any CPU
		{11C54C1C-947B-48F0-AD49-B409A47C1313}.Release|Any CPU.ActiveCfg = Release|Any CPU
		{11C54C1C-947B-48F0-AD49-B409A47C1313}.Release|Any CPU.Build.0 = Release|Any CPU
	EndGlobalSection
	GlobalSection(SolutionProperties) = preSolution
		HideSolutionNode = FALSE
	EndGlobalSection
	GlobalSection(ExtensibilityGlobals) = postSolution
		SolutionGuid = {5C22D1F7-BE98-482C-93A9-8799C1CD295D}
	EndGlobalSection
EndGlobal
